// !$*UTF8*$!
{
	archiveVersion = 1;
	classes = {
	};
	objectVersion = 46;
	objects = {

/* Begin PBXBuildFile section */
		C474468F1E2525AD00437726 /* Main.storyboard in Resources */ = {isa = PBXBuildFile; fileRef = C474468D1E2525AD00437726 /* Main.storyboard */; };
		C47446911E2525AD00437726 /* Assets.xcassets in Resources */ = {isa = PBXBuildFile; fileRef = C47446901E2525AD00437726 /* Assets.xcassets */; };
		C47446941E2525AD00437726 /* LaunchScreen.storyboard in Resources */ = {isa = PBXBuildFile; fileRef = C47446921E2525AD00437726 /* LaunchScreen.storyboard */; };
		C474469F1E2525D500437726 /* AppDelegate.swift in Sources */ = {isa = PBXBuildFile; fileRef = C474469D1E2525D500437726 /* AppDelegate.swift */; };
		C47446A01E2525D500437726 /* ViewController.swift in Sources */ = {isa = PBXBuildFile; fileRef = C474469E1E2525D500437726 /* ViewController.swift */; };
		C47446A21E252A8000437726 /* JRBaseController.swift in Sources */ = {isa = PBXBuildFile; fileRef = C47446A11E252A8000437726 /* JRBaseController.swift */; };
		C47446A41E25309200437726 /* JRTestViewController.swift in Sources */ = {isa = PBXBuildFile; fileRef = C47446A31E25309200437726 /* JRTestViewController.swift */; };
/* End PBXBuildFile section */

/* Begin PBXFileReference section */
		C47446861E2525AD00437726 /* CoreImage.app */ = {isa = PBXFileReference; explicitFileType = wrapper.application; includeInIndex = 0; path = CoreImage.app; sourceTree = BUILT_PRODUCTS_DIR; };
		C474468E1E2525AD00437726 /* Base */ = {isa = PBXFileReference; lastKnownFileType = file.storyboard; name = Base; path = Base.lproj/Main.storyboard; sourceTree = "<group>"; };
		C47446901E2525AD00437726 /* Assets.xcassets */ = {isa = PBXFileReference; lastKnownFileType = folder.assetcatalog; path = Assets.xcassets; sourceTree = "<group>"; };
		C47446931E2525AD00437726 /* Base */ = {isa = PBXFileReference; lastKnownFileType = file.storyboard; name = Base; path = Base.lproj/LaunchScreen.storyboard; sourceTree = "<group>"; };
		C47446951E2525AD00437726 /* Info.plist */ = {isa = PBXFileReference; lastKnownFileType = text.plist.xml; path = Info.plist; sourceTree = "<group>"; };
		C474469D1E2525D500437726 /* AppDelegate.swift */ = {isa = PBXFileReference; fileEncoding = 4; lastKnownFileType = sourcecode.swift; path = AppDelegate.swift; sourceTree = "<group>"; };
		C474469E1E2525D500437726 /* ViewController.swift */ = {isa = PBXFileReference; fileEncoding = 4; lastKnownFileType = sourcecode.swift; path = ViewController.swift; sourceTree = "<group>"; };
		C47446A11E252A8000437726 /* JRBaseController.swift */ = {isa = PBXFileReference; fileEncoding = 4; lastKnownFileType = sourcecode.swift; path = JRBaseController.swift; sourceTree = "<group>"; };
		C47446A31E25309200437726 /* JRTestViewController.swift */ = {isa = PBXFileReference; fileEncoding = 4; lastKnownFileType = sourcecode.swift; path = JRTestViewController.swift; sourceTree = "<group>"; };
/* End PBXFileReference section */

/* Begin PBXFrameworksBuildPhase section */
		C47446831E2525AD00437726 /* Frameworks */ = {
			isa = PBXFrameworksBuildPhase;
			buildActionMask = 2147483647;
			files = (
			);
			runOnlyForDeploymentPostprocessing = 0;
		};
/* End PBXFrameworksBuildPhase section */

/* Begin PBXGroup section */
		C474467D1E2525AD00437726 = {
			isa = PBXGroup;
			children = (
				C47446881E2525AD00437726 /* CoreImage */,
				C47446871E2525AD00437726 /* Products */,
			);
			sourceTree = "<group>";
		};
		C47446871E2525AD00437726 /* Products */ = {
			isa = PBXGroup;
			children = (
				C47446861E2525AD00437726 /* CoreImage.app */,
			);
			name = Products;
			sourceTree = "<group>";
		};
		C47446881E2525AD00437726 /* CoreImage */ = {
			isa = PBXGroup;
			children = (
				C474469C1E2525D500437726 /* Classes */,
				C474469B1E2525B400437726 /* SupportFiles */,
			);
			path = CoreImage;
			sourceTree = "<group>";
		};
		C474469B1E2525B400437726 /* SupportFiles */ = {
			isa = PBXGroup;
			children = (
				C474468D1E2525AD00437726 /* Main.storyboard */,
				C47446901E2525AD00437726 /* Assets.xcassets */,
				C47446921E2525AD00437726 /* LaunchScreen.storyboard */,
				C47446951E2525AD00437726 /* Info.plist */,
			);
			name = SupportFiles;
			sourceTree = "<group>";
		};
		C474469C1E2525D500437726 /* Classes */ = {
			isa = PBXGroup;
			children = (
				C474469D1E2525D500437726 /* AppDelegate.swift */,
				C474469E1E2525D500437726 /* ViewController.swift */,
				C47446A11E252A8000437726 /* JRBaseController.swift */,
				C47446A31E25309200437726 /* JRTestViewController.swift */,
			);
			path = Classes;
			sourceTree = "<group>";
		};
/* End PBXGroup section */

/* Begin PBXNativeTarget section */
		C47446851E2525AD00437726 /* CoreImage */ = {
			isa = PBXNativeTarget;
			buildConfigurationList = C47446981E2525AD00437726 /* Build configuration list for PBXNativeTarget "CoreImage" */;
			buildPhases = (
				C47446821E2525AD00437726 /* Sources */,
				C47446831E2525AD00437726 /* Frameworks */,
				C47446841E2525AD00437726 /* Resources */,
			);
			buildRules = (
			);
			dependencies = (
			);
			name = CoreImage;
			productName = CoreImage;
			productReference = C47446861E2525AD00437726 /* CoreImage.app */;
			productType = "com.apple.product-type.application";
		};
/* End PBXNativeTarget section */

/* Begin PBXProject section */
		C474467E1E2525AD00437726 /* Project object */ = {
			isa = PBXProject;
			attributes = {
				LastSwiftUpdateCheck = 0820;
				LastUpgradeCheck = 0820;
				ORGANIZATIONNAME = "王潇";
				TargetAttributes = {
					C47446851E2525AD00437726 = {
						CreatedOnToolsVersion = 8.2.1;
						ProvisioningStyle = Automatic;
					};
				};
			};
			buildConfigurationList = C47446811E2525AD00437726 /* Build configuration list for PBXProject "CoreImage" */;
			compatibilityVersion = "Xcode 3.2";
			developmentRegion = English;
			hasScannedForEncodings = 0;
			knownRegions = (
				en,
				Base,
			);
			mainGroup = C474467D1E2525AD00437726;
			productRefGroup = C47446871E2525AD00437726 /* Products */;
			projectDirPath = "";
			projectRoot = "";
			targets = (
				C47446851E2525AD00437726 /* CoreImage */,
			);
		};
/* End PBXProject section */

/* Begin PBXResourcesBuildPhase section */
		C47446841E2525AD00437726 /* Resources */ = {
			isa = PBXResourcesBuildPhase;
			buildActionMask = 2147483647;
			files = (
				C47446941E2525AD00437726 /* LaunchScreen.storyboard in Resources */,
				C47446911E2525AD00437726 /* Assets.xcassets in Resources */,
				C474468F1E2525AD00437726 /* Main.storyboard in Resources */,
			);
			runOnlyForDeploymentPostprocessing = 0;
		};
/* End PBXResourcesBuildPhase section */

/* Begin PBXSourcesBuildPhase section */
		C47446821E2525AD00437726 /* Sources */ = {
			isa = PBXSourcesBuildPhase;
			buildActionMask = 2147483647;
			files = (
				C47446A41E25309200437726 /* JRTestViewController.swift in Sources */,
				C47446A01E2525D500437726 /* ViewController.swift in Sources */,
				C474469F1E2525D500437726 /* AppDelegate.swift in Sources */,
				C47446A21E252A8000437726 /* JRBaseController.swift in Sources */,
			);
			runOnlyForDeploymentPostprocessing = 0;
		};
/* End PBXSourcesBuildPhase section */

/* Begin PBXVariantGroup section */
		C474468D1E2525AD00437726 /* Main.storyboard */ = {
			isa = PBXVariantGroup;
			children = (
				C474468E1E2525AD00437726 /* Base */,
			);
			name = Main.storyboard;
			sourceTree = "<group>";
		};
		C47446921E2525AD00437726 /* LaunchScreen.storyboard */ = {
			isa = PBXVariantGroup;
			children = (
				C47446931E2525AD00437726 /* Base */,
			);
			name = LaunchScreen.storyboard;
			sourceTree = "<group>";
		};
/* End PBXVariantGroup section */

/* Begin XCBuildConfiguration section */
		C47446961E2525AD00437726 /* Debug */ = {
			isa = XCBuildConfiguration;
			buildSettings = {
				ALWAYS_SEARCH_USER_PATHS = NO;
				CLANG_ANALYZER_NONNULL = YES;
				CLANG_CXX_LANGUAGE_STANDARD = "gnu++0x";
				CLANG_CXX_LIBRARY = "libc++";
				CLANG_ENABLE_MODULES = YES;
				CLANG_ENABLE_OBJC_ARC = YES;
				CLANG_WARN_BOOL_CONVERSION = YES;
				CLANG_WARN_CONSTANT_CONVERSION = YES;
				CLANG_WARN_DIRECT_OBJC_ISA_USAGE = YES_ERROR;
				CLANG_WARN_DOCUMENTATION_COMMENTS = YES;
				CLANG_WARN_EMPTY_BODY = YES;
				CLANG_WARN_ENUM_CONVERSION = YES;
				CLANG_WARN_INFINITE_RECURSION = YES;
				CLANG_WARN_INT_CONVERSION = YES;
				CLANG_WARN_OBJC_ROOT_CLASS = YES_ERROR;
				CLANG_WARN_SUSPICIOUS_MOVE = YES;
				CLANG_WARN_UNREACHABLE_CODE = YES;
				CLANG_WARN__DUPLICATE_METHOD_MATCH = YES;
				"CODE_SIGN_IDENTITY[sdk=iphoneos*]" = "iPhone Developer";
				COPY_PHASE_STRIP = NO;
				DEBUG_INFORMATION_FORMAT = dwarf;
				ENABLE_STRICT_OBJC_MSGSEND = YES;
				ENABLE_TESTABILITY = YES;
				GCC_C_LANGUAGE_STANDARD = gnu99;
				GCC_DYNAMIC_NO_PIC = NO;
				GCC_NO_COMMON_BLOCKS = YES;
				GCC_OPTIMIZATION_LEVEL = 0;
				GCC_PREPROCESSOR_DEFINITIONS = (
					"DEBUG=1",
					"$(inherited)",
				);
				GCC_WARN_64_TO_32_BIT_CONVERSION = YES;
				GCC_WARN_ABOUT_RETURN_TYPE = YES_ERROR;
				GCC_WARN_UNDECLARED_SELECTOR = YES;
				GCC_WARN_UNINITIALIZED_AUTOS = YES_AGGRESSIVE;
				GCC_WARN_UNUSED_FUNCTION = YES;
				GCC_WARN_UNUSED_VARIABLE = YES;
				IPHONEOS_DEPLOYMENT_TARGET = 10.2;
				MTL_ENABLE_DEBUG_INFO = YES;
				ONLY_ACTIVE_ARCH = YES;
				SDKROOT = iphoneos;
				SWIFT_ACTIVE_COMPILATION_CONDITIONS = DEBUG;
				SWIFT_OPTIMIZATION_LEVEL = "-Onone";
			};
			name = Debug;
		};
		C47446971E2525AD00437726 /* Release */ = {
			isa = XCBuildConfiguration;
			buildSettings = {
				ALWAYS_SEARCH_USER_PATHS = NO;
				CLANG_ANALYZER_NONNULL = YES;
				CLANG_CXX_LANGUAGE_STANDARD = "gnu++0x";
				CLANG_CXX_LIBRARY = "libc++";
				CLANG_ENABLE_MODULES = YES;
				CLANG_ENABLE_OBJC_ARC = YES;
				CLANG_WARN_BOOL_CONVERSION = YES;
				CLANG_WARN_CONSTANT_CONVERSION = YES;
				CLANG_WARN_DIRECT_OBJC_ISA_USAGE = YES_ERROR;
				CLANG_WARN_DOCUMENTATION_COMMENTS = YES;
				CLANG_WARN_EMPTY_BODY = YES;
				CLANG_WARN_ENUM_CONVERSION = YES;
				CLANG_WARN_INFINITE_RECURSION = YES;
				CLANG_WARN_INT_CONVERSION = YES;
				CLANG_WARN_OBJC_ROOT_CLASS = YES_ERROR;
				CLANG_WARN_SUSPICIOUS_MOVE = YES;
				CLANG_WARN_UNREACHABLE_CODE = YES;
				CLANG_WARN__DUPLICATE_METHOD_MATCH = YES;
				"CODE_SIGN_IDENTITY[sdk=iphoneos*]" = "iPhone Developer";
				COPY_PHASE_STRIP = NO;
				DEBUG_INFORMATION_FORMAT = "dwarf-with-dsym";
				ENABLE_NS_ASSERTIONS = NO;
				ENABLE_STRICT_OBJC_MSGSEND = YES;
				GCC_C_LANGUAGE_STANDARD = gnu99;
				GCC_NO_COMMON_BLOCKS = YES;
				GCC_WARN_64_TO_32_BIT_CONVERSION = YES;
				GCC_WARN_ABOUT_RETURN_TYPE = YES_ERROR;
				GCC_WARN_UNDECLARED_SELECTOR = YES;
				GCC_WARN_UNINITIALIZED_AUTOS = YES_AGGRESSIVE;
				GCC_WARN_UNUSED_FUNCTION = YES;
				GCC_WARN_UNUSED_VARIABLE = YES;
				IPHONEOS_DEPLOYMENT_TARGET = 10.2;
				MTL_ENABLE_DEBUG_INFO = NO;
				SDKROOT = iphoneos;
				SWIFT_OPTIMIZATION_LEVEL = "-Owholemodule";
				VALIDATE_PRODUCT = YES;
			};
			name = Release;
		};
		C47446991E2525AD00437726 /* Debug */ = {
			isa = XCBuildConfiguration;
			buildSettings = {
				ASSETCATALOG_COMPILER_APPICON_NAME = AppIcon;
				INFOPLIST_FILE = CoreImage/Info.plist;
				LD_RUNPATH_SEARCH_PATHS = "$(inherited) @executable_path/Frameworks";
				PRODUCT_BUNDLE_IDENTIFIER = com.jerry.CoreImage;
				PRODUCT_NAME = "$(TARGET_NAME)";
				SWIFT_VERSION = 3.0;
			};
			name = Debug;
		};
		C474469A1E2525AD00437726 /* Release */ = {
			isa = XCBuildConfiguration;
			buildSettings = {
				ASSETCATALOG_COMPILER_APPICON_NAME = AppIcon;
				INFOPLIST_FILE = CoreImage/Info.plist;
				LD_RUNPATH_SEARCH_PATHS = "$(inherited) @executable_path/Frameworks";
				PRODUCT_BUNDLE_IDENTIFIER = com.jerry.CoreImage;
				PRODUCT_NAME = "$(TARGET_NAME)";
				SWIFT_VERSION = 3.0;
			};
			name = Release;
		};
/* End XCBuildConfiguration section */

/* Begin XCConfigurationList section */
		C47446811E2525AD00437726 /* Build configuration list for PBXProject "CoreImage" */ = {
			isa = XCConfigurationList;
			buildConfigurations = (
				C47446961E2525AD00437726 /* Debug */,
				C47446971E2525AD00437726 /* Release */,
			);
			defaultConfigurationIsVisible = 0;
			defaultConfigurationName = Release;
		};
		C47446981E2525AD00437726 /* Build configuration list for PBXNativeTarget "CoreImage" */ = {
			isa = XCConfigurationList;
			buildConfigurations = (
				C47446991E2525AD00437726 /* Debug */,
				C474469A1E2525AD00437726 /* Release */,
			);
			defaultConfigurationIsVisible = 0;
		};
/* End XCConfigurationList section */
	};
	rootObject = C474467E1E2525AD00437726 /* Project object */;
}
